// !$*UTF8*$!
{
	archiveVersion = 1;
	classes = {
	};
	objectVersion = 50;
	objects = {

/* Begin PBXBuildFile section */
		BD498380271D207F00E7C589 /* kakudaiViewController.swift in Sources */ = {isa = PBXBuildFile; fileRef = BD49837F271D207F00E7C589 /* kakudaiViewController.swift */; };
		BD49C9392717170F002B187D /* AppDelegate.swift in Sources */ = {isa = PBXBuildFile; fileRef = BD49C9382717170F002B187D /* AppDelegate.swift */; };
		BD49C93B2717170F002B187D /* SceneDelegate.swift in Sources */ = {isa = PBXBuildFile; fileRef = BD49C93A2717170F002B187D /* SceneDelegate.swift */; };
		BD49C93D2717170F002B187D /* ViewController.swift in Sources */ = {isa = PBXBuildFile; fileRef = BD49C93C2717170F002B187D /* ViewController.swift */; };
		BD49C9402717170F002B187D /* Main.storyboard in Resources */ = {isa = PBXBuildFile; fileRef = BD49C93E2717170F002B187D /* Main.storyboard */; };
		BD49C9422717170F002B187D /* Assets.xcassets in Resources */ = {isa = PBXBuildFile; fileRef = BD49C9412717170F002B187D /* Assets.xcassets */; };
		BD49C9452717170F002B187D /* LaunchScreen.storyboard in Resources */ = {isa = PBXBuildFile; fileRef = BD49C9432717170F002B187D /* LaunchScreen.storyboard */; };
		BD49C94D2717237A002B187D /* ResultViewController.swift in Sources */ = {isa = PBXBuildFile; fileRef = BD49C94C2717237A002B187D /* ResultViewController.swift */; };
		BD4D558F2719AE2A00651CF8 /* test.jpg in Resources */ = {isa = PBXBuildFile; fileRef = BD4D558E2719AE2A00651CF8 /* test.jpg */; };
		BD4D55912719AE3000651CF8 /* bus.jpg in Resources */ = {isa = PBXBuildFile; fileRef = BD4D55902719AE3000651CF8 /* bus.jpg */; };
		BD4D55932719AE3600651CF8 /* room.jpg in Resources */ = {isa = PBXBuildFile; fileRef = BD4D55922719AE3600651CF8 /* room.jpg */; };
		BD53A957271D6F1000B433E6 /* sports.jpg in Resources */ = {isa = PBXBuildFile; fileRef = BD53A956271D6F1000B433E6 /* sports.jpg */; };
/* End PBXBuildFile section */

/* Begin PBXFileReference section */
		BD49837F271D207F00E7C589 /* kakudaiViewController.swift */ = {isa = PBXFileReference; lastKnownFileType = sourcecode.swift; path = kakudaiViewController.swift; sourceTree = "<group>"; };
		BD49C9352717170F002B187D /* SlideshowApp.app */ = {isa = PBXFileReference; explicitFileType = wrapper.application; includeInIndex = 0; path = SlideshowApp.app; sourceTree = BUILT_PRODUCTS_DIR; };
		BD49C9382717170F002B187D /* AppDelegate.swift */ = {isa = PBXFileReference; lastKnownFileType = sourcecode.swift; path = AppDelegate.swift; sourceTree = "<group>"; };
		BD49C93A2717170F002B187D /* SceneDelegate.swift */ = {isa = PBXFileReference; lastKnownFileType = sourcecode.swift; path = SceneDelegate.swift; sourceTree = "<group>"; };
		BD49C93C2717170F002B187D /* ViewController.swift */ = {isa = PBXFileReference; lastKnownFileType = sourcecode.swift; path = ViewController.swift; sourceTree = "<group>"; };
		BD49C93F2717170F002B187D /* Base */ = {isa = PBXFileReference; lastKnownFileType = file.storyboard; name = Base; path = Base.lproj/Main.storyboard; sourceTree = "<group>"; };
		BD49C9412717170F002B187D /* Assets.xcassets */ = {isa = PBXFileReference; lastKnownFileType = folder.assetcatalog; path = Assets.xcassets; sourceTree = "<group>"; };
		BD49C9442717170F002B187D /* Base */ = {isa = PBXFileReference; lastKnownFileType = file.storyboard; name = Base; path = Base.lproj/LaunchScreen.storyboard; sourceTree = "<group>"; };
		BD49C9462717170F002B187D /* Info.plist */ = {isa = PBXFileReference; lastKnownFileType = text.plist.xml; path = Info.plist; sourceTree = "<group>"; };
		BD49C94C2717237A002B187D /* ResultViewController.swift */ = {isa = PBXFileReference; lastKnownFileType = sourcecode.swift; path = ResultViewController.swift; sourceTree = "<group>"; };
		BD4D558E2719AE2A00651CF8 /* test.jpg */ = {isa = PBXFileReference; lastKnownFileType = image.jpeg; path = test.jpg; sourceTree = "<group>"; };
		BD4D55902719AE3000651CF8 /* bus.jpg */ = {isa = PBXFileReference; lastKnownFileType = image.jpeg; path = bus.jpg; sourceTree = "<group>"; };
		BD4D55922719AE3600651CF8 /* room.jpg */ = {isa = PBXFileReference; lastKnownFileType = image.jpeg; path = room.jpg; sourceTree = "<group>"; };
		BD53A956271D6F1000B433E6 /* sports.jpg */ = {isa = PBXFileReference; lastKnownFileType = image.jpeg; path = sports.jpg; sourceTree = "<group>"; };
/* End PBXFileReference section */

/* Begin PBXFrameworksBuildPhase section */
		BD49C9322717170F002B187D /* Frameworks */ = {
			isa = PBXFrameworksBuildPhase;
			buildActionMask = 2147483647;
			files = (
			);
			runOnlyForDeploymentPostprocessing = 0;
		};
/* End PBXFrameworksBuildPhase section */

/* Begin PBXGroup section */
		BD49C92C2717170F002B187D = {
			isa = PBXGroup;
			children = (
				BD49C9372717170F002B187D /* SlideshowApp */,
				BD49C9362717170F002B187D /* Products */,
			);
			sourceTree = "<group>";
		};
		BD49C9362717170F002B187D /* Products */ = {
			isa = PBXGroup;
			children = (
				BD49C9352717170F002B187D /* SlideshowApp.app */,
			);
			name = Products;
			sourceTree = "<group>";
		};
		BD49C9372717170F002B187D /* SlideshowApp */ = {
			isa = PBXGroup;
			children = (
				BD49C9382717170F002B187D /* AppDelegate.swift */,
				BD49C93A2717170F002B187D /* SceneDelegate.swift */,
				BD49C93C2717170F002B187D /* ViewController.swift */,
				BD49C94C2717237A002B187D /* ResultViewController.swift */,
				BD49837F271D207F00E7C589 /* kakudaiViewController.swift */,
				BD49C93E2717170F002B187D /* Main.storyboard */,
				BD49C9412717170F002B187D /* Assets.xcassets */,
				BD4D558E2719AE2A00651CF8 /* test.jpg */,
				BD4D55902719AE3000651CF8 /* bus.jpg */,
				BD53A956271D6F1000B433E6 /* sports.jpg */,
				BD4D55922719AE3600651CF8 /* room.jpg */,
				BD49C9432717170F002B187D /* LaunchScreen.storyboard */,
				BD49C9462717170F002B187D /* Info.plist */,
			);
			path = SlideshowApp;
			sourceTree = "<group>";
		};
/* End PBXGroup section */

/* Begin PBXNativeTarget section */
		BD49C9342717170F002B187D /* SlideshowApp */ = {
			isa = PBXNativeTarget;
			buildConfigurationList = BD49C9492717170F002B187D /* Build configuration list for PBXNativeTarget "SlideshowApp" */;
			buildPhases = (
				BD49C9312717170F002B187D /* Sources */,
				BD49C9322717170F002B187D /* Frameworks */,
				BD49C9332717170F002B187D /* Resources */,
			);
			buildRules = (
			);
			dependencies = (
			);
			name = SlideshowApp;
			productName = SlideshowApp;
			productReference = BD49C9352717170F002B187D /* SlideshowApp.app */;
			productType = "com.apple.product-type.application";
		};
/* End PBXNativeTarget section */

/* Begin PBXProject section */
		BD49C92D2717170F002B187D /* Project object */ = {
			isa = PBXProject;
			attributes = {
				LastSwiftUpdateCheck = 1250;
				LastUpgradeCheck = 1250;
				TargetAttributes = {
					BD49C9342717170F002B187D = {
						CreatedOnToolsVersion = 12.5.1;
					};
				};
			};
			buildConfigurationList = BD49C9302717170F002B187D /* Build configuration list for PBXProject "SlideshowApp" */;
			compatibilityVersion = "Xcode 9.3";
			developmentRegion = en;
			hasScannedForEncodings = 0;
			knownRegions = (
				en,
				Base,
			);
			mainGroup = BD49C92C2717170F002B187D;
			productRefGroup = BD49C9362717170F002B187D /* Products */;
			projectDirPath = "";
			projectRoot = "";
			targets = (
				BD49C9342717170F002B187D /* SlideshowApp */,
			);
		};
/* End PBXProject section */

/* Begin PBXResourcesBuildPhase section */
		BD49C9332717170F002B187D /* Resources */ = {
			isa = PBXResourcesBuildPhase;
			buildActionMask = 2147483647;
			files = (
				BD4D55912719AE3000651CF8 /* bus.jpg in Resources */,
				BD53A957271D6F1000B433E6 /* sports.jpg in Resources */,
				BD49C9452717170F002B187D /* LaunchScreen.storyboard in Resources */,
				BD49C9422717170F002B187D /* Assets.xcassets in Resources */,
				BD49C9402717170F002B187D /* Main.storyboard in Resources */,
				BD4D55932719AE3600651CF8 /* room.jpg in Resources */,
				BD4D558F2719AE2A00651CF8 /* test.jpg in Resources */,
			);
			runOnlyForDeploymentPostprocessing = 0;
		};
/* End PBXResourcesBuildPhase section */

/* Begin PBXSourcesBuildPhase section */
		BD49C9312717170F002B187D /* Sources */ = {
			isa = PBXSourcesBuildPhase;
			buildActionMask = 2147483647;
			files = (
				BD498380271D207F00E7C589 /* kakudaiViewController.swift in Sources */,
				BD49C93D2717170F002B187D /* ViewController.swift in Sources */,
				BD49C9392717170F002B187D /* AppDelegate.swift in Sources */,
				BD49C93B2717170F002B187D /* SceneDelegate.swift in Sources */,
				BD49C94D2717237A002B187D /* ResultViewController.swift in Sources */,
			);
			runOnlyForDeploymentPostprocessing = 0;
		};
/* End PBXSourcesBuildPhase section */

/* Begin PBXVariantGroup section */
		BD49C93E2717170F002B187D /* Main.storyboard */ = {
			isa = PBXVariantGroup;
			children = (
				BD49C93F2717170F002B187D /* Base */,
			);
			name = Main.storyboard;
			sourceTree = "<group>";
		};
		BD49C9432717170F002B187D /* LaunchScreen.storyboard */ = {
			isa = PBXVariantGroup;
			children = (
				BD49C9442717170F002B187D /* Base */,
			);
			name = LaunchScreen.storyboard;
			sourceTree = "<group>";
		};
/* End PBXVariantGroup section */

/* Begin XCBuildConfiguration section */
		BD49C9472717170F002B187D /* Debug */ = {
			isa = XCBuildConfiguration;
			buildSettings = {
				ALWAYS_SEARCH_USER_PATHS = NO;
				CLANG_ANALYZER_NONNULL = YES;
				CLANG_ANALYZER_NUMBER_OBJECT_CONVERSION = YES_AGGRESSIVE;
				CLANG_CXX_LANGUAGE_STANDARD = "gnu++14";
				CLANG_CXX_LIBRARY = "libc++";
				CLANG_ENABLE_MODULES = YES;
				CLANG_ENABLE_OBJC_ARC = YES;
				CLANG_ENABLE_OBJC_WEAK = YES;
				CLANG_WARN_BLOCK_CAPTURE_AUTORELEASING = YES;
				CLANG_WARN_BOOL_CONVERSION = YES;
				CLANG_WARN_COMMA = YES;
				CLANG_WARN_CONSTANT_CONVERSION = YES;
				CLANG_WARN_DEPRECATED_OBJC_IMPLEMENTATIONS = YES;
				CLANG_WARN_DIRECT_OBJC_ISA_USAGE = YES_ERROR;
				CLANG_WARN_DOCUMENTATION_COMMENTS = YES;
				CLANG_WARN_EMPTY_BODY = YES;
				CLANG_WARN_ENUM_CONVERSION = YES;
				CLANG_WARN_INFINITE_RECURSION = YES;
				CLANG_WARN_INT_CONVERSION = YES;
				CLANG_WARN_NON_LITERAL_NULL_CONVERSION = YES;
				CLANG_WARN_OBJC_IMPLICIT_RETAIN_SELF = YES;
				CLANG_WARN_OBJC_LITERAL_CONVERSION = YES;
				CLANG_WARN_OBJC_ROOT_CLASS = YES_ERROR;
				CLANG_WARN_QUOTED_INCLUDE_IN_FRAMEWORK_HEADER = YES;
				CLANG_WARN_RANGE_LOOP_ANALYSIS = YES;
				CLANG_WARN_STRICT_PROTOTYPES = YES;
				CLANG_WARN_SUSPICIOUS_MOVE = YES;
				CLANG_WARN_UNGUARDED_AVAILABILITY = YES_AGGRESSIVE;
				CLANG_WARN_UNREACHABLE_CODE = YES;
				CLANG_WARN__DUPLICATE_METHOD_MATCH = YES;
				COPY_PHASE_STRIP = NO;
				DEBUG_INFORMATION_FORMAT = dwarf;
				ENABLE_STRICT_OBJC_MSGSEND = YES;
				ENABLE_TESTABILITY = YES;
				GCC_C_LANGUAGE_STANDARD = gnu11;
				GCC_DYNAMIC_NO_PIC = NO;
				GCC_NO_COMMON_BLOCKS = YES;
				GCC_OPTIMIZATION_LEVEL = 0;
				GCC_PREPROCESSOR_DEFINITIONS = (
					"DEBUG=1",
					"$(inherited)",
				);
				GCC_WARN_64_TO_32_BIT_CONVERSION = YES;
				GCC_WARN_ABOUT_RETURN_TYPE = YES_ERROR;
				GCC_WARN_UNDECLARED_SELECTOR = YES;
				GCC_WARN_UNINITIALIZED_AUTOS = YES_AGGRESSIVE;
				GCC_WARN_UNUSED_FUNCTION = YES;
				GCC_WARN_UNUSED_VARIABLE = YES;
				IPHONEOS_DEPLOYMENT_TARGET = 14.5;
				MTL_ENABLE_DEBUG_INFO = INCLUDE_SOURCE;
				MTL_FAST_MATH = YES;
				ONLY_ACTIVE_ARCH = YES;
				SDKROOT = iphoneos;
				SWIFT_ACTIVE_COMPILATION_CONDITIONS = DEBUG;
				SWIFT_OPTIMIZATION_LEVEL = "-Onone";
			};
			name = Debug;
		};
		BD49C9482717170F002B187D /* Release */ = {
			isa = XCBuildConfiguration;
			buildSettings = {
				ALWAYS_SEARCH_USER_PATHS = NO;
				CLANG_ANALYZER_NONNULL = YES;
				CLANG_ANALYZER_NUMBER_OBJECT_CONVERSION = YES_AGGRESSIVE;
				CLANG_CXX_LANGUAGE_STANDARD = "gnu++14";
				CLANG_CXX_LIBRARY = "libc++";
				CLANG_ENABLE_MODULES = YES;
				CLANG_ENABLE_OBJC_ARC = YES;
				CLANG_ENABLE_OBJC_WEAK = YES;
				CLANG_WARN_BLOCK_CAPTURE_AUTORELEASING = YES;
				CLANG_WARN_BOOL_CONVERSION = YES;
				CLANG_WARN_COMMA = YES;
				CLANG_WARN_CONSTANT_CONVERSION = YES;
				CLANG_WARN_DEPRECATED_OBJC_IMPLEMENTATIONS = YES;
				CLANG_WARN_DIRECT_OBJC_ISA_USAGE = YES_ERROR;
				CLANG_WARN_DOCUMENTATION_COMMENTS = YES;
				CLANG_WARN_EMPTY_BODY = YES;
				CLANG_WARN_ENUM_CONVERSION = YES;
				CLANG_WARN_INFINITE_RECURSION = YES;
				CLANG_WARN_INT_CONVERSION = YES;
				CLANG_WARN_NON_LITERAL_NULL_CONVERSION = YES;
				CLANG_WARN_OBJC_IMPLICIT_RETAIN_SELF = YES;
				CLANG_WARN_OBJC_LITERAL_CONVERSION = YES;
				CLANG_WARN_OBJC_ROOT_CLASS = YES_ERROR;
				CLANG_WARN_QUOTED_INCLUDE_IN_FRAMEWORK_HEADER = YES;
				CLANG_WARN_RANGE_LOOP_ANALYSIS = YES;
				CLANG_WARN_STRICT_PROTOTYPES = YES;
				CLANG_WARN_SUSPICIOUS_MOVE = YES;
				CLANG_WARN_UNGUARDED_AVAILABILITY = YES_AGGRESSIVE;
				CLANG_WARN_UNREACHABLE_CODE = YES;
				CLANG_WARN__DUPLICATE_METHOD_MATCH = YES;
				COPY_PHASE_STRIP = NO;
				DEBUG_INFORMATION_FORMAT = "dwarf-with-dsym";
				ENABLE_NS_ASSERTIONS = NO;
				ENABLE_STRICT_OBJC_MSGSEND = YES;
				GCC_C_LANGUAGE_STANDARD = gnu11;
				GCC_NO_COMMON_BLOCKS = YES;
				GCC_WARN_64_TO_32_BIT_CONVERSION = YES;
				GCC_WARN_ABOUT_RETURN_TYPE = YES_ERROR;
				GCC_WARN_UNDECLARED_SELECTOR = YES;
				GCC_WARN_UNINITIALIZED_AUTOS = YES_AGGRESSIVE;
				GCC_WARN_UNUSED_FUNCTION = YES;
				GCC_WARN_UNUSED_VARIABLE = YES;
				IPHONEOS_DEPLOYMENT_TARGET = 14.5;
				MTL_ENABLE_DEBUG_INFO = NO;
				MTL_FAST_MATH = YES;
				SDKROOT = iphoneos;
				SWIFT_COMPILATION_MODE = wholemodule;
				SWIFT_OPTIMIZATION_LEVEL = "-O";
				VALIDATE_PRODUCT = YES;
			};
			name = Release;
		};
		BD49C94A2717170F002B187D /* Debug */ = {
			isa = XCBuildConfiguration;
			buildSettings = {
				ASSETCATALOG_COMPILER_APPICON_NAME = AppIcon;
				ASSETCATALOG_COMPILER_GLOBAL_ACCENT_COLOR_NAME = AccentColor;
				CODE_SIGN_STYLE = Automatic;
				DEVELOPMENT_TEAM = B77F775TG9;
				INFOPLIST_FILE = SlideshowApp/Info.plist;
				LD_RUNPATH_SEARCH_PATHS = (
					"$(inherited)",
					"@executable_path/Frameworks",
				);
				PRODUCT_BUNDLE_IDENTIFIER = jp.techacademy.GitMi.Hub.SlideshowApp;
				PRODUCT_NAME = "$(TARGET_NAME)";
				SWIFT_VERSION = 5.0;
				TARGETED_DEVICE_FAMILY = "1,2";
			};
			name = Debug;
		};
		BD49C94B2717170F002B187D /* Release */ = {
			isa = XCBuildConfiguration;
			buildSettings = {
				ASSETCATALOG_COMPILER_APPICON_NAME = AppIcon;
				ASSETCATALOG_COMPILER_GLOBAL_ACCENT_COLOR_NAME = AccentColor;
				CODE_SIGN_STYLE = Automatic;
				DEVELOPMENT_TEAM = B77F775TG9;
				INFOPLIST_FILE = SlideshowApp/Info.plist;
				LD_RUNPATH_SEARCH_PATHS = (
					"$(inherited)",
					"@executable_path/Frameworks",
				);
				PRODUCT_BUNDLE_IDENTIFIER = jp.techacademy.GitMi.Hub.SlideshowApp;
				PRODUCT_NAME = "$(TARGET_NAME)";
				SWIFT_VERSION = 5.0;
				TARGETED_DEVICE_FAMILY = "1,2";
			};
			name = Release;
		};
/* End XCBuildConfiguration section */

/* Begin XCConfigurationList section */
		BD49C9302717170F002B187D /* Build configuration list for PBXProject "SlideshowApp" */ = {
			isa = XCConfigurationList;
			buildConfigurations = (
				BD49C9472717170F002B187D /* Debug */,
				BD49C9482717170F002B187D /* Release */,
			);
			defaultConfigurationIsVisible = 0;
			defaultConfigurationName = Release;
		};
		BD49C9492717170F002B187D /* Build configuration list for PBXNativeTarget "SlideshowApp" */ = {
			isa = XCConfigurationList;
			buildConfigurations = (
				BD49C94A2717170F002B187D /* Debug */,
				BD49C94B2717170F002B187D /* Release */,
			);
			defaultConfigurationIsVisible = 0;
			defaultConfigurationName = Release;
		};
/* End XCConfigurationList section */
	};
	rootObject = BD49C92D2717170F002B187D /* Project object */;
}
